// !$*UTF8*$!
{
	archiveVersion = 1;
	classes = {
	};
	objectVersion = 77;
	objects = {

/* Begin PBXContainerItemProxy section */
		FFFD1D0E2D3B007200483026 /* PBXContainerItemProxy */ = {
			isa = PBXContainerItemProxy;
			containerPortal = FFFD1CF52D3B007100483026 /* Project object */;
			proxyType = 1;
			remoteGlobalIDString = FFFD1CFC2D3B007100483026;
			remoteInfo = Animations2SwiftUI;
		};
		FFFD1D182D3B007200483026 /* PBXContainerItemProxy */ = {
			isa = PBXContainerItemProxy;
			containerPortal = FFFD1CF52D3B007100483026 /* Project object */;
			proxyType = 1;
			remoteGlobalIDString = FFFD1CFC2D3B007100483026;
			remoteInfo = Animations2SwiftUI;
		};
/* End PBXContainerItemProxy section */

/* Begin PBXFileReference section */
		FFFD1CFD2D3B007100483026 /* Animations2SwiftUI.app */ = {isa = PBXFileReference; explicitFileType = wrapper.application; includeInIndex = 0; path = Animations2SwiftUI.app; sourceTree = BUILT_PRODUCTS_DIR; };
		FFFD1D0D2D3B007200483026 /* Animations2SwiftUITests.xctest */ = {isa = PBXFileReference; explicitFileType = wrapper.cfbundle; includeInIndex = 0; path = Animations2SwiftUITests.xctest; sourceTree = BUILT_PRODUCTS_DIR; };
		FFFD1D172D3B007200483026 /* Animations2SwiftUIUITests.xctest */ = {isa = PBXFileReference; explicitFileType = wrapper.cfbundle; includeInIndex = 0; path = Animations2SwiftUIUITests.xctest; sourceTree = BUILT_PRODUCTS_DIR; };
/* End PBXFileReference section */

/* Begin PBXFileSystemSynchronizedRootGroup section */
		FFFD1CFF2D3B007100483026 /* Animations2SwiftUI */ = {
			isa = PBXFileSystemSynchronizedRootGroup;
			path = Animations2SwiftUI;
			sourceTree = "<group>";
		};
		FFFD1D102D3B007200483026 /* Animations2SwiftUITests */ = {
			isa = PBXFileSystemSynchronizedRootGroup;
			path = Animations2SwiftUITests;
			sourceTree = "<group>";
		};
		FFFD1D1A2D3B007200483026 /* Animations2SwiftUIUITests */ = {
			isa = PBXFileSystemSynchronizedRootGroup;
			path = Animations2SwiftUIUITests;
			sourceTree = "<group>";
		};
/* End PBXFileSystemSynchronizedRootGroup section */

/* Begin PBXFrameworksBuildPhase section */
		FFFD1CFA2D3B007100483026 /* Frameworks */ = {
			isa = PBXFrameworksBuildPhase;
			buildActionMask = 2147483647;
			files = (
			);
			runOnlyForDeploymentPostprocessing = 0;
		};
		FFFD1D0A2D3B007200483026 /* Frameworks */ = {
			isa = PBXFrameworksBuildPhase;
			buildActionMask = 2147483647;
			files = (
			);
			runOnlyForDeploymentPostprocessing = 0;
		};
		FFFD1D142D3B007200483026 /* Frameworks */ = {
			isa = PBXFrameworksBuildPhase;
			buildActionMask = 2147483647;
			files = (
			);
			runOnlyForDeploymentPostprocessing = 0;
		};
/* End PBXFrameworksBuildPhase section */

/* Begin PBXGroup section */
		FFFD1CF42D3B007100483026 = {
			isa = PBXGroup;
			children = (
				FFFD1CFF2D3B007100483026 /* Animations2SwiftUI */,
				FFFD1D102D3B007200483026 /* Animations2SwiftUITests */,
				FFFD1D1A2D3B007200483026 /* Animations2SwiftUIUITests */,
				FFFD1CFE2D3B007100483026 /* Products */,
			);
			sourceTree = "<group>";
		};
		FFFD1CFE2D3B007100483026 /* Products */ = {
			isa = PBXGroup;
			children = (
				FFFD1CFD2D3B007100483026 /* Animations2SwiftUI.app */,
				FFFD1D0D2D3B007200483026 /* Animations2SwiftUITests.xctest */,
				FFFD1D172D3B007200483026 /* Animations2SwiftUIUITests.xctest */,
			);
			name = Products;
			sourceTree = "<group>";
		};
/* End PBXGroup section */

/* Begin PBXNativeTarget section */
		FFFD1CFC2D3B007100483026 /* Animations2SwiftUI */ = {
			isa = PBXNativeTarget;
			buildConfigurationList = FFFD1D212D3B007200483026 /* Build configuration list for PBXNativeTarget "Animations2SwiftUI" */;
			buildPhases = (
				FFFD1CF92D3B007100483026 /* Sources */,
				FFFD1CFA2D3B007100483026 /* Frameworks */,
				FFFD1CFB2D3B007100483026 /* Resources */,
			);
			buildRules = (
			);
			dependencies = (
			);
			fileSystemSynchronizedGroups = (
				FFFD1CFF2D3B007100483026 /* Animations2SwiftUI */,
			);
			name = Animations2SwiftUI;
			packageProductDependencies = (
			);
			productName = Animations2SwiftUI;
			productReference = FFFD1CFD2D3B007100483026 /* Animations2SwiftUI.app */;
			productType = "com.apple.product-type.application";
		};
		FFFD1D0C2D3B007200483026 /* Animations2SwiftUITests */ = {
			isa = PBXNativeTarget;
			buildConfigurationList = FFFD1D242D3B007200483026 /* Build configuration list for PBXNativeTarget "Animations2SwiftUITests" */;
			buildPhases = (
				FFFD1D092D3B007200483026 /* Sources */,
				FFFD1D0A2D3B007200483026 /* Frameworks */,
				FFFD1D0B2D3B007200483026 /* Resources */,
			);
			buildRules = (
			);
			dependencies = (
				FFFD1D0F2D3B007200483026 /* PBXTargetDependency */,
			);
			fileSystemSynchronizedGroups = (
				FFFD1D102D3B007200483026 /* Animations2SwiftUITests */,
			);
			name = Animations2SwiftUITests;
			packageProductDependencies = (
			);
			productName = Animations2SwiftUITests;
			productReference = FFFD1D0D2D3B007200483026 /* Animations2SwiftUITests.xctest */;
			productType = "com.apple.product-type.bundle.unit-test";
		};
		FFFD1D162D3B007200483026 /* Animations2SwiftUIUITests */ = {
			isa = PBXNativeTarget;
			buildConfigurationList = FFFD1D272D3B007200483026 /* Build configuration list for PBXNativeTarget "Animations2SwiftUIUITests" */;
			buildPhases = (
				FFFD1D132D3B007200483026 /* Sources */,
				FFFD1D142D3B007200483026 /* Frameworks */,
				FFFD1D152D3B007200483026 /* Resources */,
			);
			buildRules = (
			);
			dependencies = (
				FFFD1D192D3B007200483026 /* PBXTargetDependency */,
			);
			fileSystemSynchronizedGroups = (
				FFFD1D1A2D3B007200483026 /* Animations2SwiftUIUITests */,
			);
			name = Animations2SwiftUIUITests;
			packageProductDependencies = (
			);
			productName = Animations2SwiftUIUITests;
			productReference = FFFD1D172D3B007200483026 /* Animations2SwiftUIUITests.xctest */;
			productType = "com.apple.product-type.bundle.ui-testing";
		};
/* End PBXNativeTarget section */

/* Begin PBXProject section */
		FFFD1CF52D3B007100483026 /* Project object */ = {
			isa = PBXProject;
			attributes = {
				BuildIndependentTargetsInParallel = 1;
				LastSwiftUpdateCheck = 1620;
				LastUpgradeCheck = 1620;
				TargetAttributes = {
					FFFD1CFC2D3B007100483026 = {
						CreatedOnToolsVersion = 16.2;
					};
					FFFD1D0C2D3B007200483026 = {
						CreatedOnToolsVersion = 16.2;
						TestTargetID = FFFD1CFC2D3B007100483026;
					};
					FFFD1D162D3B007200483026 = {
						CreatedOnToolsVersion = 16.2;
						TestTargetID = FFFD1CFC2D3B007100483026;
					};
				};
			};
			buildConfigurationList = FFFD1CF82D3B007100483026 /* Build configuration list for PBXProject "Animations2SwiftUI" */;
			developmentRegion = en;
			hasScannedForEncodings = 0;
			knownRegions = (
				en,
				Base,
			);
			mainGroup = FFFD1CF42D3B007100483026;
			minimizedProjectReferenceProxies = 1;
			preferredProjectObjectVersion = 77;
			productRefGroup = FFFD1CFE2D3B007100483026 /* Products */;
			projectDirPath = "";
			projectRoot = "";
			targets = (
				FFFD1CFC2D3B007100483026 /* Animations2SwiftUI */,
				FFFD1D0C2D3B007200483026 /* Animations2SwiftUITests */,
				FFFD1D162D3B007200483026 /* Animations2SwiftUIUITests */,
			);
		};
/* End PBXProject section */

/* Begin PBXResourcesBuildPhase section */
		FFFD1CFB2D3B007100483026 /* Resources */ = {
			isa = PBXResourcesBuildPhase;
			buildActionMask = 2147483647;
			files = (
			);
			runOnlyForDeploymentPostprocessing = 0;
		};
		FFFD1D0B2D3B007200483026 /* Resources */ = {
			isa = PBXResourcesBuildPhase;
			buildActionMask = 2147483647;
			files = (
			);
			runOnlyForDeploymentPostprocessing = 0;
		};
		FFFD1D152D3B007200483026 /* Resources */ = {
			isa = PBXResourcesBuildPhase;
			buildActionMask = 2147483647;
			files = (
			);
			runOnlyForDeploymentPostprocessing = 0;
		};
/* End PBXResourcesBuildPhase section */

/* Begin PBXSourcesBuildPhase section */
		FFFD1CF92D3B007100483026 /* Sources */ = {
			isa = PBXSourcesBuildPhase;
			buildActionMask = 2147483647;
			files = (
			);
			runOnlyForDeploymentPostprocessing = 0;
		};
		FFFD1D092D3B007200483026 /* Sources */ = {
			isa = PBXSourcesBuildPhase;
			buildActionMask = 2147483647;
			files = (
			);
			runOnlyForDeploymentPostprocessing = 0;
		};
		FFFD1D132D3B007200483026 /* Sources */ = {
			isa = PBXSourcesBuildPhase;
			buildActionMask = 2147483647;
			files = (
			);
			runOnlyForDeploymentPostprocessing = 0;
		};
/* End PBXSourcesBuildPhase section */

/* Begin PBXTargetDependency section */
		FFFD1D0F2D3B007200483026 /* PBXTargetDependency */ = {
			isa = PBXTargetDependency;
			target = FFFD1CFC2D3B007100483026 /* Animations2SwiftUI */;
			targetProxy = FFFD1D0E2D3B007200483026 /* PBXContainerItemProxy */;
		};
		FFFD1D192D3B007200483026 /* PBXTargetDependency */ = {
			isa = PBXTargetDependency;
			target = FFFD1CFC2D3B007100483026 /* Animations2SwiftUI */;
			targetProxy = FFFD1D182D3B007200483026 /* PBXContainerItemProxy */;
		};
/* End PBXTargetDependency section */

/* Begin XCBuildConfiguration section */
		FFFD1D1F2D3B007200483026 /* Debug */ = {
			isa = XCBuildConfiguration;
			buildSettings = {
				ALWAYS_SEARCH_USER_PATHS = NO;
				ASSETCATALOG_COMPILER_GENERATE_SWIFT_ASSET_SYMBOL_EXTENSIONS = YES;
				CLANG_ANALYZER_NONNULL = YES;
				CLANG_ANALYZER_NUMBER_OBJECT_CONVERSION = YES_AGGRESSIVE;
				CLANG_CXX_LANGUAGE_STANDARD = "gnu++20";
				CLANG_ENABLE_MODULES = YES;
				CLANG_ENABLE_OBJC_ARC = YES;
				CLANG_ENABLE_OBJC_WEAK = YES;
				CLANG_WARN_BLOCK_CAPTURE_AUTORELEASING = YES;
				CLANG_WARN_BOOL_CONVERSION = YES;
				CLANG_WARN_COMMA = YES;
				CLANG_WARN_CONSTANT_CONVERSION = YES;
				CLANG_WARN_DEPRECATED_OBJC_IMPLEMENTATIONS = YES;
				CLANG_WARN_DIRECT_OBJC_ISA_USAGE = YES_ERROR;
				CLANG_WARN_DOCUMENTATION_COMMENTS = YES;
				CLANG_WARN_EMPTY_BODY = YES;
				CLANG_WARN_ENUM_CONVERSION = YES;
				CLANG_WARN_INFINITE_RECURSION = YES;
				CLANG_WARN_INT_CONVERSION = YES;
				CLANG_WARN_NON_LITERAL_NULL_CONVERSION = YES;
				CLANG_WARN_OBJC_IMPLICIT_RETAIN_SELF = YES;
				CLANG_WARN_OBJC_LITERAL_CONVERSION = YES;
				CLANG_WARN_OBJC_ROOT_CLASS = YES_ERROR;
				CLANG_WARN_QUOTED_INCLUDE_IN_FRAMEWORK_HEADER = YES;
				CLANG_WARN_RANGE_LOOP_ANALYSIS = YES;
				CLANG_WARN_STRICT_PROTOTYPES = YES;
				CLANG_WARN_SUSPICIOUS_MOVE = YES;
				CLANG_WARN_UNGUARDED_AVAILABILITY = YES_AGGRESSIVE;
				CLANG_WARN_UNREACHABLE_CODE = YES;
				CLANG_WARN__DUPLICATE_METHOD_MATCH = YES;
				COPY_PHASE_STRIP = NO;
				DEBUG_INFORMATION_FORMAT = dwarf;
				ENABLE_STRICT_OBJC_MSGSEND = YES;
				ENABLE_TESTABILITY = YES;
				ENABLE_USER_SCRIPT_SANDBOXING = YES;
				GCC_C_LANGUAGE_STANDARD = gnu17;
				GCC_DYNAMIC_NO_PIC = NO;
				GCC_NO_COMMON_BLOCKS = YES;
				GCC_OPTIMIZATION_LEVEL = 0;
				GCC_PREPROCESSOR_DEFINITIONS = (
					"DEBUG=1",
					"$(inherited)",
				);
				GCC_WARN_64_TO_32_BIT_CONVERSION = YES;
				GCC_WARN_ABOUT_RETURN_TYPE = YES_ERROR;
				GCC_WARN_UNDECLARED_SELECTOR = YES;
				GCC_WARN_UNINITIALIZED_AUTOS = YES_AGGRESSIVE;
				GCC_WARN_UNUSED_FUNCTION = YES;
				GCC_WARN_UNUSED_VARIABLE = YES;
				IPHONEOS_DEPLOYMENT_TARGET = 18.2;
				LOCALIZATION_PREFERS_STRING_CATALOGS = YES;
				MTL_ENABLE_DEBUG_INFO = INCLUDE_SOURCE;
				MTL_FAST_MATH = YES;
				ONLY_ACTIVE_ARCH = YES;
				SDKROOT = iphoneos;
				SWIFT_ACTIVE_COMPILATION_CONDITIONS = "DEBUG $(inherited)";
				SWIFT_OPTIMIZATION_LEVEL = "-Onone";
			};
			name = Debug;
		};
		FFFD1D202D3B007200483026 /* Release */ = {
			isa = XCBuildConfiguration;
			buildSettings = {
				ALWAYS_SEARCH_USER_PATHS = NO;
				ASSETCATALOG_COMPILER_GENERATE_SWIFT_ASSET_SYMBOL_EXTENSIONS = YES;
				CLANG_ANALYZER_NONNULL = YES;
				CLANG_ANALYZER_NUMBER_OBJECT_CONVERSION = YES_AGGRESSIVE;
				CLANG_CXX_LANGUAGE_STANDARD = "gnu++20";
				CLANG_ENABLE_MODULES = YES;
				CLANG_ENABLE_OBJC_ARC = YES;
				CLANG_ENABLE_OBJC_WEAK = YES;
				CLANG_WARN_BLOCK_CAPTURE_AUTORELEASING = YES;
				CLANG_WARN_BOOL_CONVERSION = YES;
				CLANG_WARN_COMMA = YES;
				CLANG_WARN_CONSTANT_CONVERSION = YES;
				CLANG_WARN_DEPRECATED_OBJC_IMPLEMENTATIONS = YES;
				CLANG_WARN_DIRECT_OBJC_ISA_USAGE = YES_ERROR;
				CLANG_WARN_DOCUMENTATION_COMMENTS = YES;
				CLANG_WARN_EMPTY_BODY = YES;
				CLANG_WARN_ENUM_CONVERSION = YES;
				CLANG_WARN_INFINITE_RECURSION = YES;
				CLANG_WARN_INT_CONVERSION = YES;
				CLANG_WARN_NON_LITERAL_NULL_CONVERSION = YES;
				CLANG_WARN_OBJC_IMPLICIT_RETAIN_SELF = YES;
				CLANG_WARN_OBJC_LITERAL_CONVERSION = YES;
				CLANG_WARN_OBJC_ROOT_CLASS = YES_ERROR;
				CLANG_WARN_QUOTED_INCLUDE_IN_FRAMEWORK_HEADER = YES;
				CLANG_WARN_RANGE_LOOP_ANALYSIS = YES;
				CLANG_WARN_STRICT_PROTOTYPES = YES;
				CLANG_WARN_SUSPICIOUS_MOVE = YES;
				CLANG_WARN_UNGUARDED_AVAILABILITY = YES_AGGRESSIVE;
				CLANG_WARN_UNREACHABLE_CODE = YES;
				CLANG_WARN__DUPLICATE_METHOD_MATCH = YES;
				COPY_PHASE_STRIP = NO;
				DEBUG_INFORMATION_FORMAT = "dwarf-with-dsym";
				ENABLE_NS_ASSERTIONS = NO;
				ENABLE_STRICT_OBJC_MSGSEND = YES;
				ENABLE_USER_SCRIPT_SANDBOXING = YES;
				GCC_C_LANGUAGE_STANDARD = gnu17;
				GCC_NO_COMMON_BLOCKS = YES;
				GCC_WARN_64_TO_32_BIT_CONVERSION = YES;
				GCC_WARN_ABOUT_RETURN_TYPE = YES_ERROR;
				GCC_WARN_UNDECLARED_SELECTOR = YES;
				GCC_WARN_UNINITIALIZED_AUTOS = YES_AGGRESSIVE;
				GCC_WARN_UNUSED_FUNCTION = YES;
				GCC_WARN_UNUSED_VARIABLE = YES;
				IPHONEOS_DEPLOYMENT_TARGET = 18.2;
				LOCALIZATION_PREFERS_STRING_CATALOGS = YES;
				MTL_ENABLE_DEBUG_INFO = NO;
				MTL_FAST_MATH = YES;
				SDKROOT = iphoneos;
				SWIFT_COMPILATION_MODE = wholemodule;
				VALIDATE_PRODUCT = YES;
			};
			name = Release;
		};
		FFFD1D222D3B007200483026 /* Debug */ = {
			isa = XCBuildConfiguration;
			buildSettings = {
				ASSETCATALOG_COMPILER_APPICON_NAME = AppIcon;
				ASSETCATALOG_COMPILER_GLOBAL_ACCENT_COLOR_NAME = AccentColor;
				CODE_SIGN_STYLE = Automatic;
				CURRENT_PROJECT_VERSION = 1;
				DEVELOPMENT_ASSET_PATHS = "\"Animations2SwiftUI/Preview Content\"";
				ENABLE_PREVIEWS = YES;
				GENERATE_INFOPLIST_FILE = YES;
				INFOPLIST_KEY_UIApplicationSceneManifest_Generation = YES;
				INFOPLIST_KEY_UIApplicationSupportsIndirectInputEvents = YES;
				INFOPLIST_KEY_UILaunchScreen_Generation = YES;
				INFOPLIST_KEY_UISupportedInterfaceOrientations_iPad = "UIInterfaceOrientationPortrait UIInterfaceOrientationPortraitUpsideDown UIInterfaceOrientationLandscapeLeft UIInterfaceOrientationLandscapeRight";
				INFOPLIST_KEY_UISupportedInterfaceOrientations_iPhone = "UIInterfaceOrientationPortrait UIInterfaceOrientationLandscapeLeft UIInterfaceOrientationLandscapeRight";
				LD_RUNPATH_SEARCH_PATHS = (
					"$(inherited)",
					"@executable_path/Frameworks",
				);
				MARKETING_VERSION = 1.0;
				PRODUCT_BUNDLE_IDENTIFIER = com.omerapaydin.Animations2SwiftUI;
				PRODUCT_NAME = "$(TARGET_NAME)";
				SWIFT_EMIT_LOC_STRINGS = YES;
				SWIFT_VERSION = 5.0;
				TARGETED_DEVICE_FAMILY = "1,2";
			};
			name = Debug;
		};
		FFFD1D232D3B007200483026 /* Release */ = {
			isa = XCBuildConfiguration;
			buildSettings = {
				ASSETCATALOG_COMPILER_APPICON_NAME = AppIcon;
				ASSETCATALOG_COMPILER_GLOBAL_ACCENT_COLOR_NAME = AccentColor;
				CODE_SIGN_STYLE = Automatic;
				CURRENT_PROJECT_VERSION = 1;
				DEVELOPMENT_ASSET_PATHS = "\"Animations2SwiftUI/Preview Content\"";
				ENABLE_PREVIEWS = YES;
				GENERATE_INFOPLIST_FILE = YES;
				INFOPLIST_KEY_UIApplicationSceneManifest_Generation = YES;
				INFOPLIST_KEY_UIApplicationSupportsIndirectInputEvents = YES;
				INFOPLIST_KEY_UILaunchScreen_Generation = YES;
				INFOPLIST_KEY_UISupportedInterfaceOrientations_iPad = "UIInterfaceOrientationPortrait UIInterfaceOrientationPortraitUpsideDown UIInterfaceOrientationLandscapeLeft UIInterfaceOrientationLandscapeRight";
				INFOPLIST_KEY_UISupportedInterfaceOrientations_iPhone = "UIInterfaceOrientationPortrait UIInterfaceOrientationLandscapeLeft UIInterfaceOrientationLandscapeRight";
				LD_RUNPATH_SEARCH_PATHS = (
					"$(inherited)",
					"@executable_path/Frameworks",
				);
				MARKETING_VERSION = 1.0;
				PRODUCT_BUNDLE_IDENTIFIER = com.omerapaydin.Animations2SwiftUI;
				PRODUCT_NAME = "$(TARGET_NAME)";
				SWIFT_EMIT_LOC_STRINGS = YES;
				SWIFT_VERSION = 5.0;
				TARGETED_DEVICE_FAMILY = "1,2";
			};
			name = Release;
		};
		FFFD1D252D3B007200483026 /* Debug */ = {
			isa = XCBuildConfiguration;
			buildSettings = {
				BUNDLE_LOADER = "$(TEST_HOST)";
				CODE_SIGN_STYLE = Automatic;
				CURRENT_PROJECT_VERSION = 1;
				GENERATE_INFOPLIST_FILE = YES;
				IPHONEOS_DEPLOYMENT_TARGET = 18.2;
				MARKETING_VERSION = 1.0;
				PRODUCT_BUNDLE_IDENTIFIER = com.omerapaydin.Animations2SwiftUITests;
				PRODUCT_NAME = "$(TARGET_NAME)";
				SWIFT_EMIT_LOC_STRINGS = NO;
				SWIFT_VERSION = 5.0;
				TARGETED_DEVICE_FAMILY = "1,2";
				TEST_HOST = "$(BUILT_PRODUCTS_DIR)/Animations2SwiftUI.app/$(BUNDLE_EXECUTABLE_FOLDER_PATH)/Animations2SwiftUI";
			};
			name = Debug;
		};
		FFFD1D262D3B007200483026 /* Release */ = {
			isa = XCBuildConfiguration;
			buildSettings = {
				BUNDLE_LOADER = "$(TEST_HOST)";
				CODE_SIGN_STYLE = Automatic;
				CURRENT_PROJECT_VERSION = 1;
				GENERATE_INFOPLIST_FILE = YES;
				IPHONEOS_DEPLOYMENT_TARGET = 18.2;
				MARKETING_VERSION = 1.0;
				PRODUCT_BUNDLE_IDENTIFIER = com.omerapaydin.Animations2SwiftUITests;
				PRODUCT_NAME = "$(TARGET_NAME)";
				SWIFT_EMIT_LOC_STRINGS = NO;
				SWIFT_VERSION = 5.0;
				TARGETED_DEVICE_FAMILY = "1,2";
				TEST_HOST = "$(BUILT_PRODUCTS_DIR)/Animations2SwiftUI.app/$(BUNDLE_EXECUTABLE_FOLDER_PATH)/Animations2SwiftUI";
			};
			name = Release;
		};
		FFFD1D282D3B007200483026 /* Debug */ = {
			isa = XCBuildConfiguration;
			buildSettings = {
				CODE_SIGN_STYLE = Automatic;
				CURRENT_PROJECT_VERSION = 1;
				GENERATE_INFOPLIST_FILE = YES;
				MARKETING_VERSION = 1.0;
				PRODUCT_BUNDLE_IDENTIFIER = com.omerapaydin.Animations2SwiftUIUITests;
				PRODUCT_NAME = "$(TARGET_NAME)";
				SWIFT_EMIT_LOC_STRINGS = NO;
				SWIFT_VERSION = 5.0;
				TARGETED_DEVICE_FAMILY = "1,2";
				TEST_TARGET_NAME = Animations2SwiftUI;
			};
			name = Debug;
		};
		FFFD1D292D3B007200483026 /* Release */ = {
			isa = XCBuildConfiguration;
			buildSettings = {
				CODE_SIGN_STYLE = Automatic;
				CURRENT_PROJECT_VERSION = 1;
				GENERATE_INFOPLIST_FILE = YES;
				MARKETING_VERSION = 1.0;
				PRODUCT_BUNDLE_IDENTIFIER = com.omerapaydin.Animations2SwiftUIUITests;
				PRODUCT_NAME = "$(TARGET_NAME)";
				SWIFT_EMIT_LOC_STRINGS = NO;
				SWIFT_VERSION = 5.0;
				TARGETED_DEVICE_FAMILY = "1,2";
				TEST_TARGET_NAME = Animations2SwiftUI;
			};
			name = Release;
		};
/* End XCBuildConfiguration section */

/* Begin XCConfigurationList section */
		FFFD1CF82D3B007100483026 /* Build configuration list for PBXProject "Animations2SwiftUI" */ = {
			isa = XCConfigurationList;
			buildConfigurations = (
				FFFD1D1F2D3B007200483026 /* Debug */,
				FFFD1D202D3B007200483026 /* Release */,
			);
			defaultConfigurationIsVisible = 0;
			defaultConfigurationName = Release;
		};
		FFFD1D212D3B007200483026 /* Build configuration list for PBXNativeTarget "Animations2SwiftUI" */ = {
			isa = XCConfigurationList;
			buildConfigurations = (
				FFFD1D222D3B007200483026 /* Debug */,
				FFFD1D232D3B007200483026 /* Release */,
			);
			defaultConfigurationIsVisible = 0;
			defaultConfigurationName = Release;
		};
		FFFD1D242D3B007200483026 /* Build configuration list for PBXNativeTarget "Animations2SwiftUITests" */ = {
			isa = XCConfigurationList;
			buildConfigurations = (
				FFFD1D252D3B007200483026 /* Debug */,
				FFFD1D262D3B007200483026 /* Release */,
			);
			defaultConfigurationIsVisible = 0;
			defaultConfigurationName = Release;
		};
		FFFD1D272D3B007200483026 /* Build configuration list for PBXNativeTarget "Animations2SwiftUIUITests" */ = {
			isa = XCConfigurationList;
			buildConfigurations = (
				FFFD1D282D3B007200483026 /* Debug */,
				FFFD1D292D3B007200483026 /* Release */,
			);
			defaultConfigurationIsVisible = 0;
			defaultConfigurationName = Release;
		};
/* End XCConfigurationList section */
	};
	rootObject = FFFD1CF52D3B007100483026 /* Project object */;
}
